
Microsoft Visual Studio Solution File, Format Version 12.00
# Visual Studio Version 16
VisualStudioVersion = 16.0.29613.14
MinimumVisualStudioVersion = 10.0.40219.1
Project("{9A19103F-16F7-4668-BE54-9A1E7A4F7556}") = "Planner.WebApi", "Planner.WebAPI\Planner.WebApi.csproj", "{F19EBECB-5ABE-4CC4-9F7C-972E2DD41E14}"
EndProject
Project("{9A19103F-16F7-4668-BE54-9A1E7A4F7556}") = "Planner.Models", "Planner.Models\Planner.Models.csproj", "{27ACB297-1D13-41B3-B25E-73859C978CEF}"
EndProject
Project("{9A19103F-16F7-4668-BE54-9A1E7A4F7556}") = "Planner.Services", "Planner.Services\Planner.Services.csproj", "{57044991-E9E7-43D2-9657-93597D8E4ED5}"
EndProject
Project("{9A19103F-16F7-4668-BE54-9A1E7A4F7556}") = "Planner.DataAccessLayer", "Planner.DataAccessLayer\Planner.DataAccessLayer.csproj", "{24DE5002-C7EE-472E-808D-7E088D937C41}"
EndProject
Project("{9A19103F-16F7-4668-BE54-9A1E7A4F7556}") = "Planner.DependencyHandler", "Planner.DependencyHandler\Planner.DependencyHandler.csproj", "{240396B7-37EA-4817-9B6A-AABA5C04E65E}"
EndProject
Global
	GlobalSection(SolutionConfigurationPlatforms) = preSolution
		Debug|Any CPU = Debug|Any CPU
		Release|Any CPU = Release|Any CPU
	EndGlobalSection
	GlobalSection(ProjectConfigurationPlatforms) = postSolution
		{F19EBECB-5ABE-4CC4-9F7C-972E2DD41E14}.Debug|Any CPU.ActiveCfg = Debug|Any CPU
		{F19EBECB-5ABE-4CC4-9F7C-972E2DD41E14}.Debug|Any CPU.Build.0 = Debug|Any CPU
		{F19EBECB-5ABE-4CC4-9F7C-972E2DD41E14}.Release|Any CPU.ActiveCfg = Release|Any CPU
		{F19EBECB-5ABE-4CC4-9F7C-972E2DD41E14}.Release|Any CPU.Build.0 = Release|Any CPU
		{27ACB297-1D13-41B3-B25E-73859C978CEF}.Debug|Any CPU.ActiveCfg = Debug|Any CPU
		{27ACB297-1D13-41B3-B25E-73859C978CEF}.Debug|Any CPU.Build.0 = Debug|Any CPU
		{27ACB297-1D13-41B3-B25E-73859C978CEF}.Release|Any CPU.ActiveCfg = Release|Any CPU
		{27ACB297-1D13-41B3-B25E-73859C978CEF}.Release|Any CPU.Build.0 = Release|Any CPU
		{57044991-E9E7-43D2-9657-93597D8E4ED5}.Debug|Any CPU.ActiveCfg = Debug|Any CPU
		{57044991-E9E7-43D2-9657-93597D8E4ED5}.Debug|Any CPU.Build.0 = Debug|Any CPU
		{57044991-E9E7-43D2-9657-93597D8E4ED5}.Release|Any CPU.ActiveCfg = Release|Any CPU
		{57044991-E9E7-43D2-9657-93597D8E4ED5}.Release|Any CPU.Build.0 = Release|Any CPU
		{24DE5002-C7EE-472E-808D-7E088D937C41}.Debug|Any CPU.ActiveCfg = Debug|Any CPU
		{24DE5002-C7EE-472E-808D-7E088D937C41}.Debug|Any CPU.Build.0 = Debug|Any CPU
		{24DE5002-C7EE-472E-808D-7E088D937C41}.Release|Any CPU.ActiveCfg = Release|Any CPU
		{24DE5002-C7EE-472E-808D-7E088D937C41}.Release|Any CPU.Build.0 = Release|Any CPU
		{240396B7-37EA-4817-9B6A-AABA5C04E65E}.Debug|Any CPU.ActiveCfg = Debug|Any CPU
		{240396B7-37EA-4817-9B6A-AABA5C04E65E}.Debug|Any CPU.Build.0 = Debug|Any CPU
		{240396B7-37EA-4817-9B6A-AABA5C04E65E}.Release|Any CPU.ActiveCfg = Release|Any CPU
		{240396B7-37EA-4817-9B6A-AABA5C04E65E}.Release|Any CPU.Build.0 = Release|Any CPU
	EndGlobalSection
	GlobalSection(SolutionProperties) = preSolution
		HideSolutionNode = FALSE
	EndGlobalSection
	GlobalSection(ExtensibilityGlobals) = postSolution
		SolutionGuid = {A51ADB03-2A2C-4626-AE36-5A7E8BA465E6}
	EndGlobalSection
EndGlobal
